
Microsoft Visual Studio Solution File, Format Version 12.00
# Visual Studio Version 16
VisualStudioVersion = 16.0.33214.272
MinimumVisualStudioVersion = 10.0.40219.1
Project("{FAE04EC0-301F-11D3-BF4B-00C04F79EFBC}") = "Testing", "Testing.csproj", "{A6AF3827-89B3-43D4-A8FF-2FDF127D2B86}"
EndProject
Global
	GlobalSection(SolutionConfigurationPlatforms) = preSolution
		Debug|Any CPU = Debug|Any CPU
		Release|Any CPU = Release|Any CPU
	EndGlobalSection
	GlobalSection(ProjectConfigurationPlatforms) = postSolution
		{A6AF3827-89B3-43D4-A8FF-2FDF127D2B86}.Debug|Any CPU.ActiveCfg = Debug|Any CPU
		{A6AF3827-89B3-43D4-A8FF-2FDF127D2B86}.Debug|Any CPU.Build.0 = Debug|Any CPU
		{A6AF3827-89B3-43D4-A8FF-2FDF127D2B86}.Release|Any CPU.ActiveCfg = Release|Any CPU
		{A6AF3827-89B3-43D4-A8FF-2FDF127D2B86}.Release|Any CPU.Build.0 = Release|Any CPU
	EndGlobalSection
	GlobalSection(SolutionProperties) = preSolution
		HideSolutionNode = FALSE
	EndGlobalSection
	GlobalSection(ExtensibilityGlobals) = postSolution
		SolutionGuid = {266F6B1E-F0FA-42C8-BECD-98797F8E4A50}
	EndGlobalSection
EndGlobal
